# This file is automatically @generated by Cargo.
# It is not intended for manual editing.
version = 4

[[package]]
name = "ahash"
version = "0.8.11"
source = "registry+https://github.com/rust-lang/crates.io-index"
checksum = "e89da841a80418a9b391ebaea17f5c112ffaaa96f621d2c285b5174da76b9011"
dependencies = [
 "cfg-if",
 "getrandom",
 "once_cell",
 "version_check",
 "zerocopy",
]

[[package]]
name = "approx"
version = "0.5.1"
source = "registry+https://github.com/rust-lang/crates.io-index"
checksum = "cab112f0a86d568ea0e627cc1d6be74a1e9cd55214684db5561995f6dad897c6"
dependencies = [
 "num-traits",
]

[[package]]
name = "autocfg"
version = "1.4.0"
source = "registry+https://github.com/rust-lang/crates.io-index"
checksum = "ace50bade8e6234aa140d9a2f552bbee1db4d353f69b8217bc503490fc1a9f26"

[[package]]
name = "bitflags"
version = "1.3.2"
source = "registry+https://github.com/rust-lang/crates.io-index"
checksum = "bef38d45163c2f1dde094a7dfd33ccf595c92905c8f8f4fdc18d06fb1037718a"

[[package]]
name = "bytemuck"
version = "1.21.0"
source = "registry+https://github.com/rust-lang/crates.io-index"
checksum = "ef657dfab802224e671f5818e9a4935f9b1957ed18e58292690cc39e7a4092a3"

[[package]]
name = "cfg-if"
version = "1.0.0"
source = "registry+https://github.com/rust-lang/crates.io-index"
checksum = "baf1de4339761588bc0619e3cbc0120ee582ebb74b53b4efbf79117bd2da40fd"

[[package]]
name = "getrandom"
version = "0.2.15"
source = "registry+https://github.com/rust-lang/crates.io-index"
checksum = "c4567c8db10ae91089c99af84c68c38da3ec2f087c3f82960bcdbf3656b6f4d7"
dependencies = [
 "cfg-if",
 "libc",
 "wasi",
]

[[package]]
name = "gl"
version = "0.6.5"
source = "registry+https://github.com/rust-lang/crates.io-index"
checksum = "1c73b90c285f02059b34a6c66bc645ba5faa18c0e3ab332e0725654fc71db441"
dependencies = [
 "gl_generator",
]

[[package]]
name = "gl_generator"
version = "0.6.1"
source = "registry+https://github.com/rust-lang/crates.io-index"
checksum = "75d69f914b49d9ff32fdf394cbd798f8c716d74fd19f9cc29da3e99797b2a78d"
dependencies = [
 "khronos_api",
 "log 0.3.9",
 "xml-rs",
]

[[package]]
name = "imagine"
version = "0.0.5"
source = "registry+https://github.com/rust-lang/crates.io-index"
checksum = "b66f20ef575a7087eed611a0d4ff4bd624d24bf9c63b4d614d2d8823090af75b"
dependencies = [
 "bytemuck",
]

[[package]]
name = "khronos_api"
version = "2.2.0"
source = "registry+https://github.com/rust-lang/crates.io-index"
checksum = "037ab472c33f67b5fbd3e9163a2645319e5356fcd355efa6d4eb7fff4bbcb554"

[[package]]
name = "lazy_static"
version = "1.5.0"
source = "registry+https://github.com/rust-lang/crates.io-index"
checksum = "bbd2bcb4c963f2ddae06a2efc7e9f3591312473c50c6685e1f298068316e66fe"

[[package]]
name = "libc"
version = "0.2.169"
source = "registry+https://github.com/rust-lang/crates.io-index"
checksum = "b5aba8db14291edd000dfcc4d620c7ebfb122c613afb886ca8803fa4e128a20a"

[[package]]
name = "log"
version = "0.3.9"
source = "registry+https://github.com/rust-lang/crates.io-index"
checksum = "e19e8d5c34a3e0e2223db8e060f9e8264aeeb5c5fc64a4ee9965c062211c024b"
dependencies = [
 "log 0.4.22",
]

[[package]]
name = "log"
version = "0.4.22"
source = "registry+https://github.com/rust-lang/crates.io-index"
checksum = "a7a70ba024b9dc04c27ea2f0c0548feb474ec5c54bba33a7f72f873a39d07b24"

[[package]]
name = "matrixmultiply"
version = "0.3.9"
source = "registry+https://github.com/rust-lang/crates.io-index"
checksum = "9380b911e3e96d10c1f415da0876389aaf1b56759054eeb0de7df940c456ba1a"
dependencies = [
 "autocfg",
 "rawpointer",
]

[[package]]
name = "nalgebra"
version = "0.33.2"
source = "registry+https://github.com/rust-lang/crates.io-index"
checksum = "26aecdf64b707efd1310e3544d709c5c0ac61c13756046aaaba41be5c4f66a3b"
dependencies = [
 "approx",
 "matrixmultiply",
 "nalgebra-macros",
 "num-complex",
 "num-rational",
 "num-traits",
 "simba",
 "typenum",
]

[[package]]
name = "nalgebra-macros"
version = "0.2.2"
source = "registry+https://github.com/rust-lang/crates.io-index"
checksum = "254a5372af8fc138e36684761d3c0cdb758a4410e938babcff1c860ce14ddbfc"
dependencies = [
 "proc-macro2",
 "quote",
 "syn",
]

[[package]]
name = "num-bigint"
version = "0.4.6"
source = "registry+https://github.com/rust-lang/crates.io-index"
checksum = "a5e44f723f1133c9deac646763579fdb3ac745e418f2a7af9cd0c431da1f20b9"
dependencies = [
 "num-integer",
 "num-traits",
]

[[package]]
name = "num-complex"
version = "0.4.6"
source = "registry+https://github.com/rust-lang/crates.io-index"
checksum = "73f88a1307638156682bada9d7604135552957b7818057dcef22705b4d509495"
dependencies = [
 "num-traits",
]

[[package]]
name = "num-integer"
version = "0.1.46"
source = "registry+https://github.com/rust-lang/crates.io-index"
checksum = "7969661fd2958a5cb096e56c8e1ad0444ac2bbcd0061bd28660485a44879858f"
dependencies = [
 "num-traits",
]

[[package]]
name = "num-rational"
version = "0.4.2"
source = "registry+https://github.com/rust-lang/crates.io-index"
checksum = "f83d14da390562dca69fc84082e73e548e1ad308d24accdedd2720017cb37824"
dependencies = [
 "num-bigint",
 "num-integer",
 "num-traits",
]

[[package]]
name = "num-traits"
version = "0.2.19"
source = "registry+https://github.com/rust-lang/crates.io-index"
checksum = "071dfc062690e90b734c0b2273ce72ad0ffa95f0c74596bc250dcfd960262841"
dependencies = [
 "autocfg",
]

[[package]]
name = "once_cell"
version = "1.20.2"
source = "registry+https://github.com/rust-lang/crates.io-index"
checksum = "1261fe7e33c73b354eab43b1273a57c8f967d0391e80353e51f764ac02cf6775"

[[package]]
name = "paste"
version = "1.0.15"
source = "registry+https://github.com/rust-lang/crates.io-index"
checksum = "57c0d7b74b563b49d38dae00a0c37d4d6de9b432382b2892f0574ddcae73fd0a"

[[package]]
name = "proc-macro2"
version = "1.0.92"
source = "registry+https://github.com/rust-lang/crates.io-index"
checksum = "37d3544b3f2748c54e147655edb5025752e2303145b5aefb3c3ea2c78b973bb0"
dependencies = [
 "unicode-ident",
]

[[package]]
name = "quote"
version = "1.0.38"
source = "registry+https://github.com/rust-lang/crates.io-index"
checksum = "0e4dccaaaf89514f546c693ddc140f729f958c247918a13380cccc6078391acc"
dependencies = [
 "proc-macro2",
]

[[package]]
name = "rawpointer"
version = "0.2.1"
source = "registry+https://github.com/rust-lang/crates.io-index"
checksum = "60a357793950651c4ed0f3f52338f53b2f809f32d83a07f72909fa13e4c6c1e3"

[[package]]
name = "rustgl"
version = "0.1.0"
dependencies = [
 "bytemuck",
 "gl",
 "imagine",
 "nalgebra",
 "sdl2",
 "tobj",
]

[[package]]
name = "safe_arch"
version = "0.7.4"
source = "registry+https://github.com/rust-lang/crates.io-index"
checksum = "96b02de82ddbe1b636e6170c21be622223aea188ef2e139be0a5b219ec215323"
dependencies = [
 "bytemuck",
]

[[package]]
name = "sdl2"
version = "0.37.0"
source = "registry+https://github.com/rust-lang/crates.io-index"
checksum = "3b498da7d14d1ad6c839729bd4ad6fc11d90a57583605f3b4df2cd709a9cd380"
dependencies = [
 "bitflags",
 "lazy_static",
 "libc",
 "sdl2-sys",
]

[[package]]
name = "sdl2-sys"
version = "0.37.0"
source = "registry+https://github.com/rust-lang/crates.io-index"
checksum = "951deab27af08ed9c6068b7b0d05a93c91f0a8eb16b6b816a5e73452a43521d3"
dependencies = [
 "cfg-if",
 "libc",
 "version-compare",
]

[[package]]
name = "simba"
version = "0.9.0"
source = "registry+https://github.com/rust-lang/crates.io-index"
checksum = "b3a386a501cd104797982c15ae17aafe8b9261315b5d07e3ec803f2ea26be0fa"
dependencies = [
 "approx",
 "num-complex",
 "num-traits",
 "paste",
 "wide",
]

[[package]]
name = "syn"
version = "2.0.92"
source = "registry+https://github.com/rust-lang/crates.io-index"
checksum = "70ae51629bf965c5c098cc9e87908a3df5301051a9e087d6f9bef5c9771ed126"
dependencies = [
 "proc-macro2",
 "quote",
 "unicode-ident",
]

[[package]]
name = "tobj"
version = "4.0.2"
source = "registry+https://github.com/rust-lang/crates.io-index"
checksum = "c3bd4ba05f29e4c65b6c0c11a58b6465ffa820bac890d76ad407b4e81d8372e8"
dependencies = [
 "ahash",
]

[[package]]
name = "typenum"
version = "1.17.0"
source = "registry+https://github.com/rust-lang/crates.io-index"
checksum = "42ff0bf0c66b8238c6f3b578df37d0b7848e55df8577b3f74f92a69acceeb825"

[[package]]
name = "unicode-ident"
version = "1.0.14"
source = "registry+https://github.com/rust-lang/crates.io-index"
checksum = "adb9e6ca4f869e1180728b7950e35922a7fc6397f7b641499e8f3ef06e50dc83"

[[package]]
name = "version-compare"
version = "0.1.1"
source = "registry+https://github.com/rust-lang/crates.io-index"
checksum = "579a42fc0b8e0c63b76519a339be31bed574929511fa53c1a3acae26eb258f29"

[[package]]
name = "version_check"
version = "0.9.5"
source = "registry+https://github.com/rust-lang/crates.io-index"
checksum = "0b928f33d975fc6ad9f86c8f283853ad26bdd5b10b7f1542aa2fa15e2289105a"

[[package]]
name = "wasi"
version = "0.11.0+wasi-snapshot-preview1"
source = "registry+https://github.com/rust-lang/crates.io-index"
checksum = "9c8d87e72b64a3b4db28d11ce29237c246188f4f51057d65a7eab63b7987e423"

[[package]]
name = "wide"
version = "0.7.30"
source = "registry+https://github.com/rust-lang/crates.io-index"
checksum = "58e6db2670d2be78525979e9a5f9c69d296fd7d670549fe9ebf70f8708cb5019"
dependencies = [
 "bytemuck",
 "safe_arch",
]

[[package]]
name = "xml-rs"
version = "0.7.0"
source = "registry+https://github.com/rust-lang/crates.io-index"
checksum = "3c1cb601d29fe2c2ac60a2b2e5e293994d87a1f6fa9687a31a15270f909be9c2"
dependencies = [
 "bitflags",
]

[[package]]
name = "zerocopy"
version = "0.7.35"
source = "registry+https://github.com/rust-lang/crates.io-index"
checksum = "1b9b4fd18abc82b8136838da5d50bae7bdea537c574d8dc1a34ed098d6c166f0"
dependencies = [
 "zerocopy-derive",
]

[[package]]
name = "zerocopy-derive"
version = "0.7.35"
source = "registry+https://github.com/rust-lang/crates.io-index"
checksum = "fa4f8080344d4671fb4e831a13ad1e68092748387dfc4f55e356242fae12ce3e"
dependencies = [
 "proc-macro2",
 "quote",
 "syn",
]
